
Microsoft Visual Studio Solution File, Format Version 12.00
# Visual Studio Version 17
VisualStudioVersion = 17.12.35707.178 d17.12
MinimumVisualStudioVersion = 10.0.40219.1
Project("{FAE04EC0-301F-11D3-BF4B-00C04F79EFBC}") = "CalifcaMas.Android", "CalifcaMas.Android\CalifcaMas.Android.csproj", "{BD04C820-8C6F-42E5-AC94-371B5516D928}"
EndProject
Project("{FAE04EC0-301F-11D3-BF4B-00C04F79EFBC}") = "CalifcaMas.iOS", "CalifcaMas.iOS\CalifcaMas.iOS.csproj", "{EA40057F-8E1B-4C2D-9170-5A2C4E9DA785}"
EndProject
Project("{FAE04EC0-301F-11D3-BF4B-00C04F79EFBC}") = "CalifcaMas", "CalifcaMas\CalifcaMas.csproj", "{84F90281-7C50-441C-B75A-F72FDDAE6596}"
EndProject
Global
	GlobalSection(SolutionConfigurationPlatforms) = preSolution
		Debug|Any CPU = Debug|Any CPU
		Release|Any CPU = Release|Any CPU
	EndGlobalSection
	GlobalSection(ProjectConfigurationPlatforms) = postSolution
		{BD04C820-8C6F-42E5-AC94-371B5516D928}.Debug|Any CPU.ActiveCfg = Debug|Any CPU
		{BD04C820-8C6F-42E5-AC94-371B5516D928}.Debug|Any CPU.Build.0 = Debug|Any CPU
		{BD04C820-8C6F-42E5-AC94-371B5516D928}.Debug|Any CPU.Deploy.0 = Debug|Any CPU
		{BD04C820-8C6F-42E5-AC94-371B5516D928}.Release|Any CPU.ActiveCfg = Release|Any CPU
		{BD04C820-8C6F-42E5-AC94-371B5516D928}.Release|Any CPU.Build.0 = Release|Any CPU
		{BD04C820-8C6F-42E5-AC94-371B5516D928}.Release|Any CPU.Deploy.0 = Release|Any CPU
		{EA40057F-8E1B-4C2D-9170-5A2C4E9DA785}.Debug|Any CPU.ActiveCfg = Debug|iPhone
		{EA40057F-8E1B-4C2D-9170-5A2C4E9DA785}.Debug|Any CPU.Build.0 = Debug|iPhone
		{EA40057F-8E1B-4C2D-9170-5A2C4E9DA785}.Debug|Any CPU.Deploy.0 = Debug|iPhone
		{EA40057F-8E1B-4C2D-9170-5A2C4E9DA785}.Release|Any CPU.ActiveCfg = Release|iPhoneSimulator
		{EA40057F-8E1B-4C2D-9170-5A2C4E9DA785}.Release|Any CPU.Build.0 = Release|iPhoneSimulator
		{EA40057F-8E1B-4C2D-9170-5A2C4E9DA785}.Release|Any CPU.Deploy.0 = Release|iPhoneSimulator
		{84F90281-7C50-441C-B75A-F72FDDAE6596}.Debug|Any CPU.ActiveCfg = Debug|Any CPU
		{84F90281-7C50-441C-B75A-F72FDDAE6596}.Debug|Any CPU.Build.0 = Debug|Any CPU
		{84F90281-7C50-441C-B75A-F72FDDAE6596}.Debug|Any CPU.Deploy.0 = Debug|Any CPU
		{84F90281-7C50-441C-B75A-F72FDDAE6596}.Release|Any CPU.ActiveCfg = Release|Any CPU
		{84F90281-7C50-441C-B75A-F72FDDAE6596}.Release|Any CPU.Build.0 = Release|Any CPU
		{84F90281-7C50-441C-B75A-F72FDDAE6596}.Release|Any CPU.Deploy.0 = Release|Any CPU
	EndGlobalSection
	GlobalSection(SolutionProperties) = preSolution
		HideSolutionNode = FALSE
	EndGlobalSection
EndGlobal
